
Microsoft Visual Studio Solution File, Format Version 12.00
# Visual Studio Version 17
VisualStudioVersion = 17.0.32112.339
MinimumVisualStudioVersion = 10.0.40219.1
Project("{FAE04EC0-301F-11D3-BF4B-00C04F79EFBC}") = "LecPrepModels01", "LecPrepModels01\LecPrepModels01.csproj", "{661D2416-68C7-45BA-B439-F7C5A68D1649}"
EndProject
Global
	GlobalSection(SolutionConfigurationPlatforms) = preSolution
		Debug|Any CPU = Debug|Any CPU
		Release|Any CPU = Release|Any CPU
	EndGlobalSection
	GlobalSection(ProjectConfigurationPlatforms) = postSolution
		{661D2416-68C7-45BA-B439-F7C5A68D1649}.Debug|Any CPU.ActiveCfg = Debug|Any CPU
		{661D2416-68C7-45BA-B439-F7C5A68D1649}.Debug|Any CPU.Build.0 = Debug|Any CPU
		{661D2416-68C7-45BA-B439-F7C5A68D1649}.Release|Any CPU.ActiveCfg = Release|Any CPU
		{661D2416-68C7-45BA-B439-F7C5A68D1649}.Release|Any CPU.Build.0 = Release|Any CPU
	EndGlobalSection
	GlobalSection(SolutionProperties) = preSolution
		HideSolutionNode = FALSE
	EndGlobalSection
	GlobalSection(ExtensibilityGlobals) = postSolution
		SolutionGuid = {7AA18F92-08EB-45DA-BA76-4BE122888E82}
	EndGlobalSection
EndGlobal
